
Microsoft Visual Studio Solution File, Format Version 12.00
# Visual Studio Version 17
VisualStudioVersion = 17.3.32825.248
MinimumVisualStudioVersion = 10.0.40219.1
Project("{FAE04EC0-301F-11D3-BF4B-00C04F79EFBC}") = "Conversor", "Conversor\Conversor.csproj", "{17043123-503A-4A8E-BB8E-93D3D9978240}"
EndProject
Global
	GlobalSection(SolutionConfigurationPlatforms) = preSolution
		Debug|Any CPU = Debug|Any CPU
		Release|Any CPU = Release|Any CPU
	EndGlobalSection
	GlobalSection(ProjectConfigurationPlatforms) = postSolution
		{17043123-503A-4A8E-BB8E-93D3D9978240}.Debug|Any CPU.ActiveCfg = Debug|Any CPU
		{17043123-503A-4A8E-BB8E-93D3D9978240}.Debug|Any CPU.Build.0 = Debug|Any CPU
		{17043123-503A-4A8E-BB8E-93D3D9978240}.Release|Any CPU.ActiveCfg = Release|Any CPU
		{17043123-503A-4A8E-BB8E-93D3D9978240}.Release|Any CPU.Build.0 = Release|Any CPU
	EndGlobalSection
	GlobalSection(SolutionProperties) = preSolution
		HideSolutionNode = FALSE
	EndGlobalSection
	GlobalSection(ExtensibilityGlobals) = postSolution
		SolutionGuid = {88522D86-370B-46B3-80F7-CBFE9A97048F}
	EndGlobalSection
EndGlobal
